<Solution>
  <Project Path="EX1/EX1.csproj" />
  <Project Path="EX2/EX2.csproj" />
  <Project Path="EX3/EX3.csproj" Id="2e6ad4d8-396e-4bd3-ba2e-91fe0c2b4057" />
  <Project Path="EX4/EX4.csproj" Id="7aa9b90b-7718-4361-a592-b070efa457bd" />
  <Project Path="EX5/EX5.csproj" Id="1b69c55c-8eaf-40d5-bf44-620231304268" />
  <Project Path="EX6 - EX20/EX6 - EX20.csproj" Id="d73d8f51-4cf7-445f-912b-1044c323ef4e" />
</Solution>
